
Microsoft Visual Studio Solution File, Format Version 12.00
# Visual Studio Version 17
VisualStudioVersion = 17.6.33829.357
MinimumVisualStudioVersion = 10.0.40219.1
Project("{FAE04EC0-301F-11D3-BF4B-00C04F79EFBC}") = "tez", "tez\tez.csproj", "{C5EBECE8-40AD-4E4D-8773-B47AE9024D4E}"
EndProject
Project("{FAE04EC0-301F-11D3-BF4B-00C04F79EFBC}") = "EntityLayer", "EntityLayer\EntityLayer.csproj", "{58217B4D-8429-4411-865E-93C9E00DBFE2}"
EndProject
Project("{FAE04EC0-301F-11D3-BF4B-00C04F79EFBC}") = "DataAccessLayer", "DataAccessLayer\DataAccessLayer.csproj", "{9FBBB9CE-DE1E-4254-A88D-09A163394C45}"
EndProject
Project("{FAE04EC0-301F-11D3-BF4B-00C04F79EFBC}") = "BusinessLayer", "BusinessLayer\BusinessLayer.csproj", "{480FF30F-248D-4397-877A-4D8ED07BE27A}"
EndProject
Project("{FAE04EC0-301F-11D3-BF4B-00C04F79EFBC}") = "CoreLayer", "CoreLayer\CoreLayer.csproj", "{59BE60D3-C146-4ED5-9BE4-D86AFD7633BC}"
EndProject
Global
	GlobalSection(SolutionConfigurationPlatforms) = preSolution
		Debug|Any CPU = Debug|Any CPU
		Release|Any CPU = Release|Any CPU
	EndGlobalSection
	GlobalSection(ProjectConfigurationPlatforms) = postSolution
		{C5EBECE8-40AD-4E4D-8773-B47AE9024D4E}.Debug|Any CPU.ActiveCfg = Debug|Any CPU
		{C5EBECE8-40AD-4E4D-8773-B47AE9024D4E}.Debug|Any CPU.Build.0 = Debug|Any CPU
		{C5EBECE8-40AD-4E4D-8773-B47AE9024D4E}.Release|Any CPU.ActiveCfg = Release|Any CPU
		{C5EBECE8-40AD-4E4D-8773-B47AE9024D4E}.Release|Any CPU.Build.0 = Release|Any CPU
		{58217B4D-8429-4411-865E-93C9E00DBFE2}.Debug|Any CPU.ActiveCfg = Debug|Any CPU
		{58217B4D-8429-4411-865E-93C9E00DBFE2}.Debug|Any CPU.Build.0 = Debug|Any CPU
		{58217B4D-8429-4411-865E-93C9E00DBFE2}.Release|Any CPU.ActiveCfg = Release|Any CPU
		{58217B4D-8429-4411-865E-93C9E00DBFE2}.Release|Any CPU.Build.0 = Release|Any CPU
		{9FBBB9CE-DE1E-4254-A88D-09A163394C45}.Debug|Any CPU.ActiveCfg = Debug|Any CPU
		{9FBBB9CE-DE1E-4254-A88D-09A163394C45}.Debug|Any CPU.Build.0 = Debug|Any CPU
		{9FBBB9CE-DE1E-4254-A88D-09A163394C45}.Release|Any CPU.ActiveCfg = Release|Any CPU
		{9FBBB9CE-DE1E-4254-A88D-09A163394C45}.Release|Any CPU.Build.0 = Release|Any CPU
		{480FF30F-248D-4397-877A-4D8ED07BE27A}.Debug|Any CPU.ActiveCfg = Debug|Any CPU
		{480FF30F-248D-4397-877A-4D8ED07BE27A}.Debug|Any CPU.Build.0 = Debug|Any CPU
		{480FF30F-248D-4397-877A-4D8ED07BE27A}.Release|Any CPU.ActiveCfg = Release|Any CPU
		{480FF30F-248D-4397-877A-4D8ED07BE27A}.Release|Any CPU.Build.0 = Release|Any CPU
		{59BE60D3-C146-4ED5-9BE4-D86AFD7633BC}.Debug|Any CPU.ActiveCfg = Debug|Any CPU
		{59BE60D3-C146-4ED5-9BE4-D86AFD7633BC}.Debug|Any CPU.Build.0 = Debug|Any CPU
		{59BE60D3-C146-4ED5-9BE4-D86AFD7633BC}.Release|Any CPU.ActiveCfg = Release|Any CPU
		{59BE60D3-C146-4ED5-9BE4-D86AFD7633BC}.Release|Any CPU.Build.0 = Release|Any CPU
	EndGlobalSection
	GlobalSection(SolutionProperties) = preSolution
		HideSolutionNode = FALSE
	EndGlobalSection
	GlobalSection(ExtensibilityGlobals) = postSolution
		SolutionGuid = {647A16BF-BF14-47AC-9196-F9D7EA63D8BE}
	EndGlobalSection
EndGlobal
